
Microsoft Visual Studio Solution File, Format Version 12.00
# Visual Studio Version 17
VisualStudioVersion = 17.14.36414.22 d17.14
MinimumVisualStudioVersion = 10.0.40219.1
Project("{FAE04EC0-301F-11D3-BF4B-00C04F79EFBC}") = "matrix demo", "matrix demo\matrix demo.csproj", "{EEA42839-7EE6-4DD8-87D9-AF3AEED177AE}"
EndProject
Global
	GlobalSection(SolutionConfigurationPlatforms) = preSolution
		Debug|Any CPU = Debug|Any CPU
		Release|Any CPU = Release|Any CPU
	EndGlobalSection
	GlobalSection(ProjectConfigurationPlatforms) = postSolution
		{EEA42839-7EE6-4DD8-87D9-AF3AEED177AE}.Debug|Any CPU.ActiveCfg = Debug|Any CPU
		{EEA42839-7EE6-4DD8-87D9-AF3AEED177AE}.Debug|Any CPU.Build.0 = Debug|Any CPU
		{EEA42839-7EE6-4DD8-87D9-AF3AEED177AE}.Release|Any CPU.ActiveCfg = Release|Any CPU
		{EEA42839-7EE6-4DD8-87D9-AF3AEED177AE}.Release|Any CPU.Build.0 = Release|Any CPU
	EndGlobalSection
	GlobalSection(SolutionProperties) = preSolution
		HideSolutionNode = FALSE
	EndGlobalSection
	GlobalSection(ExtensibilityGlobals) = postSolution
		SolutionGuid = {DBA80758-6561-45CC-AE63-33613938A5F2}
	EndGlobalSection
EndGlobal
