
Microsoft Visual Studio Solution File, Format Version 12.00
# Visual Studio Version 17
VisualStudioVersion = 17.14.36603.0 d17.14
MinimumVisualStudioVersion = 10.0.40219.1
Project("{FAE04EC0-301F-11D3-BF4B-00C04F79EFBC}") = "SZFA_LAB06", "SZFA_LAB06\SZFA_LAB06.csproj", "{0FD1CE7F-7171-4B49-A320-F50EBFA3D933}"
EndProject
Project("{FAE04EC0-301F-11D3-BF4B-00C04F79EFBC}") = "SZFA_LAB06_Testing", "SZFA_LAB06_Testing\SZFA_LAB06_Testing.csproj", "{AEDF9176-E4DD-4233-AC94-39D41FA264EC}"
EndProject
Global
	GlobalSection(SolutionConfigurationPlatforms) = preSolution
		Debug|Any CPU = Debug|Any CPU
		Release|Any CPU = Release|Any CPU
	EndGlobalSection
	GlobalSection(ProjectConfigurationPlatforms) = postSolution
		{0FD1CE7F-7171-4B49-A320-F50EBFA3D933}.Debug|Any CPU.ActiveCfg = Debug|Any CPU
		{0FD1CE7F-7171-4B49-A320-F50EBFA3D933}.Debug|Any CPU.Build.0 = Debug|Any CPU
		{0FD1CE7F-7171-4B49-A320-F50EBFA3D933}.Release|Any CPU.ActiveCfg = Release|Any CPU
		{0FD1CE7F-7171-4B49-A320-F50EBFA3D933}.Release|Any CPU.Build.0 = Release|Any CPU
		{AEDF9176-E4DD-4233-AC94-39D41FA264EC}.Debug|Any CPU.ActiveCfg = Debug|Any CPU
		{AEDF9176-E4DD-4233-AC94-39D41FA264EC}.Debug|Any CPU.Build.0 = Debug|Any CPU
		{AEDF9176-E4DD-4233-AC94-39D41FA264EC}.Release|Any CPU.ActiveCfg = Release|Any CPU
		{AEDF9176-E4DD-4233-AC94-39D41FA264EC}.Release|Any CPU.Build.0 = Release|Any CPU
	EndGlobalSection
	GlobalSection(SolutionProperties) = preSolution
		HideSolutionNode = FALSE
	EndGlobalSection
	GlobalSection(ExtensibilityGlobals) = postSolution
		SolutionGuid = {C6C78BCE-F61C-4CDE-B3D5-3A6E76C3AC68}
	EndGlobalSection
EndGlobal
