
Microsoft Visual Studio Solution File, Format Version 12.00
# Visual Studio Version 17
VisualStudioVersion = 17.14.36414.22 d17.14
MinimumVisualStudioVersion = 10.0.40219.1
Project("{FAE04EC0-301F-11D3-BF4B-00C04F79EFBC}") = "PMP_LAB04", "PMP_LAB04\PMP_LAB04.csproj", "{8E1EB76B-CA22-40D8-A08A-92E3DFCFF19B}"
EndProject
Global
	GlobalSection(SolutionConfigurationPlatforms) = preSolution
		Debug|Any CPU = Debug|Any CPU
		Release|Any CPU = Release|Any CPU
	EndGlobalSection
	GlobalSection(ProjectConfigurationPlatforms) = postSolution
		{8E1EB76B-CA22-40D8-A08A-92E3DFCFF19B}.Debug|Any CPU.ActiveCfg = Debug|Any CPU
		{8E1EB76B-CA22-40D8-A08A-92E3DFCFF19B}.Debug|Any CPU.Build.0 = Debug|Any CPU
		{8E1EB76B-CA22-40D8-A08A-92E3DFCFF19B}.Release|Any CPU.ActiveCfg = Release|Any CPU
		{8E1EB76B-CA22-40D8-A08A-92E3DFCFF19B}.Release|Any CPU.Build.0 = Release|Any CPU
	EndGlobalSection
	GlobalSection(SolutionProperties) = preSolution
		HideSolutionNode = FALSE
	EndGlobalSection
	GlobalSection(ExtensibilityGlobals) = postSolution
		SolutionGuid = {092845CE-0930-43C9-B6AB-42505C3B6786}
	EndGlobalSection
EndGlobal
