
Microsoft Visual Studio Solution File, Format Version 12.00
# Visual Studio Version 17
VisualStudioVersion = 17.14.36603.0 d17.14
MinimumVisualStudioVersion = 10.0.40219.1
Project("{FAE04EC0-301F-11D3-BF4B-00C04F79EFBC}") = "PMP_HF014", "PMP_HF014\PMP_HF014.csproj", "{4F544C0D-2048-4CD7-8219-86966EA34F6A}"
EndProject
Global
	GlobalSection(SolutionConfigurationPlatforms) = preSolution
		Debug|Any CPU = Debug|Any CPU
		Release|Any CPU = Release|Any CPU
	EndGlobalSection
	GlobalSection(ProjectConfigurationPlatforms) = postSolution
		{4F544C0D-2048-4CD7-8219-86966EA34F6A}.Debug|Any CPU.ActiveCfg = Debug|Any CPU
		{4F544C0D-2048-4CD7-8219-86966EA34F6A}.Debug|Any CPU.Build.0 = Debug|Any CPU
		{4F544C0D-2048-4CD7-8219-86966EA34F6A}.Release|Any CPU.ActiveCfg = Release|Any CPU
		{4F544C0D-2048-4CD7-8219-86966EA34F6A}.Release|Any CPU.Build.0 = Release|Any CPU
	EndGlobalSection
	GlobalSection(SolutionProperties) = preSolution
		HideSolutionNode = FALSE
	EndGlobalSection
	GlobalSection(ExtensibilityGlobals) = postSolution
		SolutionGuid = {FF001834-4467-496F-8BDC-690F39D5F5B8}
	EndGlobalSection
EndGlobal
