
Microsoft Visual Studio Solution File, Format Version 12.00
# Visual Studio Version 17
VisualStudioVersion = 17.14.36603.0 d17.14
MinimumVisualStudioVersion = 10.0.40219.1
Project("{FAE04EC0-301F-11D3-BF4B-00C04F79EFBC}") = "PMP_LAB08", "PMP_LAB08\PMP_LAB08.csproj", "{B09932D2-2C98-49BA-96FC-CEABB5B02282}"
EndProject
Global
	GlobalSection(SolutionConfigurationPlatforms) = preSolution
		Debug|Any CPU = Debug|Any CPU
		Release|Any CPU = Release|Any CPU
	EndGlobalSection
	GlobalSection(ProjectConfigurationPlatforms) = postSolution
		{B09932D2-2C98-49BA-96FC-CEABB5B02282}.Debug|Any CPU.ActiveCfg = Debug|Any CPU
		{B09932D2-2C98-49BA-96FC-CEABB5B02282}.Debug|Any CPU.Build.0 = Debug|Any CPU
		{B09932D2-2C98-49BA-96FC-CEABB5B02282}.Release|Any CPU.ActiveCfg = Release|Any CPU
		{B09932D2-2C98-49BA-96FC-CEABB5B02282}.Release|Any CPU.Build.0 = Release|Any CPU
	EndGlobalSection
	GlobalSection(SolutionProperties) = preSolution
		HideSolutionNode = FALSE
	EndGlobalSection
	GlobalSection(ExtensibilityGlobals) = postSolution
		SolutionGuid = {B544DA5A-154C-4AA0-B9A3-60922A16E6E3}
	EndGlobalSection
EndGlobal
