
Microsoft Visual Studio Solution File, Format Version 12.00
# Visual Studio Version 17
VisualStudioVersion = 17.14.36603.0 d17.14
MinimumVisualStudioVersion = 10.0.40219.1
Project("{FAE04EC0-301F-11D3-BF4B-00C04F79EFBC}") = "SZFA_LAB4", "SZFA_LAB4\SZFA_LAB4.csproj", "{E2505BED-87A1-4EBB-A2F7-F3C50914B4D0}"
EndProject
Project("{FAE04EC0-301F-11D3-BF4B-00C04F79EFBC}") = "ProjectTester", "ProjectTester\ProjectTester.csproj", "{C14ADBCF-E565-4BA9-9366-655B61499C95}"
	ProjectSection(ProjectDependencies) = postProject
		{E2505BED-87A1-4EBB-A2F7-F3C50914B4D0} = {E2505BED-87A1-4EBB-A2F7-F3C50914B4D0}
	EndProjectSection
EndProject
Global
	GlobalSection(SolutionConfigurationPlatforms) = preSolution
		Debug|Any CPU = Debug|Any CPU
		Release|Any CPU = Release|Any CPU
	EndGlobalSection
	GlobalSection(ProjectConfigurationPlatforms) = postSolution
		{E2505BED-87A1-4EBB-A2F7-F3C50914B4D0}.Debug|Any CPU.ActiveCfg = Debug|Any CPU
		{E2505BED-87A1-4EBB-A2F7-F3C50914B4D0}.Debug|Any CPU.Build.0 = Debug|Any CPU
		{E2505BED-87A1-4EBB-A2F7-F3C50914B4D0}.Release|Any CPU.ActiveCfg = Release|Any CPU
		{E2505BED-87A1-4EBB-A2F7-F3C50914B4D0}.Release|Any CPU.Build.0 = Release|Any CPU
		{C14ADBCF-E565-4BA9-9366-655B61499C95}.Debug|Any CPU.ActiveCfg = Debug|Any CPU
		{C14ADBCF-E565-4BA9-9366-655B61499C95}.Debug|Any CPU.Build.0 = Debug|Any CPU
		{C14ADBCF-E565-4BA9-9366-655B61499C95}.Release|Any CPU.ActiveCfg = Release|Any CPU
		{C14ADBCF-E565-4BA9-9366-655B61499C95}.Release|Any CPU.Build.0 = Release|Any CPU
	EndGlobalSection
	GlobalSection(SolutionProperties) = preSolution
		HideSolutionNode = FALSE
	EndGlobalSection
	GlobalSection(ExtensibilityGlobals) = postSolution
		SolutionGuid = {005726E0-CBD0-406E-AB01-E8F46CDDBD81}
	EndGlobalSection
EndGlobal
